
Microsoft Visual Studio Solution File, Format Version 12.00
# Visual Studio Version 17
VisualStudioVersion = 17.7.34031.279
MinimumVisualStudioVersion = 10.0.40219.1
Project("{FAE04EC0-301F-11D3-BF4B-00C04F79EFBC}") = "Adunare_2nr", "Adunare_2nr.csproj", "{C887E560-8A59-44F8-BCAE-05D9CC7C3DCA}"
EndProject
Global
	GlobalSection(SolutionConfigurationPlatforms) = preSolution
		Debug|Any CPU = Debug|Any CPU
		Release|Any CPU = Release|Any CPU
	EndGlobalSection
	GlobalSection(ProjectConfigurationPlatforms) = postSolution
		{C887E560-8A59-44F8-BCAE-05D9CC7C3DCA}.Debug|Any CPU.ActiveCfg = Debug|Any CPU
		{C887E560-8A59-44F8-BCAE-05D9CC7C3DCA}.Debug|Any CPU.Build.0 = Debug|Any CPU
		{C887E560-8A59-44F8-BCAE-05D9CC7C3DCA}.Release|Any CPU.ActiveCfg = Release|Any CPU
		{C887E560-8A59-44F8-BCAE-05D9CC7C3DCA}.Release|Any CPU.Build.0 = Release|Any CPU
	EndGlobalSection
	GlobalSection(SolutionProperties) = preSolution
		HideSolutionNode = FALSE
	EndGlobalSection
	GlobalSection(ExtensibilityGlobals) = postSolution
		SolutionGuid = {1F4B1EE3-630F-4620-B7BD-E6215BD260D0}
	EndGlobalSection
EndGlobal
